
Microsoft Visual Studio Solution File, Format Version 12.00
# Visual Studio 15
VisualStudioVersion = 15.0.26124.0
MinimumVisualStudioVersion = 15.0.26124.0
Project("{FAE04EC0-301F-11D3-BF4B-00C04F79EFBC}") = "Payroll.Processor.Functions", "Payroll.Processor.Functions\Payroll.Processor.Functions.csproj", "{DBEFF0AE-DCB6-4372-ACBA-E4643E795C5E}"
EndProject
Project("{FAE04EC0-301F-11D3-BF4B-00C04F79EFBC}") = "Payroll.Processor.Functions.Tests", "Payroll.Processor.Functions.Tests\Payroll.Processor.Functions.Tests.csproj", "{C5A59580-FC82-403E-B2D0-1EA613A6577B}"
EndProject
Global
	GlobalSection(SolutionConfigurationPlatforms) = preSolution
		Debug|Any CPU = Debug|Any CPU
		Debug|x64 = Debug|x64
		Debug|x86 = Debug|x86
		Release|Any CPU = Release|Any CPU
		Release|x64 = Release|x64
		Release|x86 = Release|x86
	EndGlobalSection
	GlobalSection(SolutionProperties) = preSolution
		HideSolutionNode = FALSE
	EndGlobalSection
	GlobalSection(ProjectConfigurationPlatforms) = postSolution
		{DBEFF0AE-DCB6-4372-ACBA-E4643E795C5E}.Debug|Any CPU.ActiveCfg = Debug|Any CPU
		{DBEFF0AE-DCB6-4372-ACBA-E4643E795C5E}.Debug|Any CPU.Build.0 = Debug|Any CPU
		{DBEFF0AE-DCB6-4372-ACBA-E4643E795C5E}.Debug|x64.ActiveCfg = Debug|Any CPU
		{DBEFF0AE-DCB6-4372-ACBA-E4643E795C5E}.Debug|x64.Build.0 = Debug|Any CPU
		{DBEFF0AE-DCB6-4372-ACBA-E4643E795C5E}.Debug|x86.ActiveCfg = Debug|Any CPU
		{DBEFF0AE-DCB6-4372-ACBA-E4643E795C5E}.Debug|x86.Build.0 = Debug|Any CPU
		{DBEFF0AE-DCB6-4372-ACBA-E4643E795C5E}.Release|Any CPU.ActiveCfg = Release|Any CPU
		{DBEFF0AE-DCB6-4372-ACBA-E4643E795C5E}.Release|Any CPU.Build.0 = Release|Any CPU
		{DBEFF0AE-DCB6-4372-ACBA-E4643E795C5E}.Release|x64.ActiveCfg = Release|Any CPU
		{DBEFF0AE-DCB6-4372-ACBA-E4643E795C5E}.Release|x64.Build.0 = Release|Any CPU
		{DBEFF0AE-DCB6-4372-ACBA-E4643E795C5E}.Release|x86.ActiveCfg = Release|Any CPU
		{DBEFF0AE-DCB6-4372-ACBA-E4643E795C5E}.Release|x86.Build.0 = Release|Any CPU
		{C5A59580-FC82-403E-B2D0-1EA613A6577B}.Debug|Any CPU.ActiveCfg = Debug|Any CPU
		{C5A59580-FC82-403E-B2D0-1EA613A6577B}.Debug|Any CPU.Build.0 = Debug|Any CPU
		{C5A59580-FC82-403E-B2D0-1EA613A6577B}.Debug|x64.ActiveCfg = Debug|Any CPU
		{C5A59580-FC82-403E-B2D0-1EA613A6577B}.Debug|x64.Build.0 = Debug|Any CPU
		{C5A59580-FC82-403E-B2D0-1EA613A6577B}.Debug|x86.ActiveCfg = Debug|Any CPU
		{C5A59580-FC82-403E-B2D0-1EA613A6577B}.Debug|x86.Build.0 = Debug|Any CPU
		{C5A59580-FC82-403E-B2D0-1EA613A6577B}.Release|Any CPU.ActiveCfg = Release|Any CPU
		{C5A59580-FC82-403E-B2D0-1EA613A6577B}.Release|Any CPU.Build.0 = Release|Any CPU
		{C5A59580-FC82-403E-B2D0-1EA613A6577B}.Release|x64.ActiveCfg = Release|Any CPU
		{C5A59580-FC82-403E-B2D0-1EA613A6577B}.Release|x64.Build.0 = Release|Any CPU
		{C5A59580-FC82-403E-B2D0-1EA613A6577B}.Release|x86.ActiveCfg = Release|Any CPU
		{C5A59580-FC82-403E-B2D0-1EA613A6577B}.Release|x86.Build.0 = Release|Any CPU
	EndGlobalSection
EndGlobal
