
Microsoft Visual Studio Solution File, Format Version 12.00
# Visual Studio Version 16
VisualStudioVersion = 16.0.29806.167
MinimumVisualStudioVersion = 10.0.40219.1
Project("{9A19103F-16F7-4668-BE54-9A1E7A4F7556}") = "payroll-processor-functions", "src\payroll-processor-functions\payroll-processor-functions.csproj", "{97930D7C-8452-4327-8B2A-4911B9E113E0}"
EndProject
Project("{9A19103F-16F7-4668-BE54-9A1E7A4F7556}") = "payroll-processor-functions-tests", "test\payroll-processor-functions-test\payroll-processor-functions-tests.csproj", "{5A624A26-A71F-42B5-A390-56923D3CECC2}"
EndProject
Project("{2150E333-8FDC-42A3-9474-1A3956D46DE8}") = "src", "src", "{DFF20C5F-484B-4889-82A4-0243F96612ED}"
EndProject
Project("{2150E333-8FDC-42A3-9474-1A3956D46DE8}") = "tests", "tests", "{BB047C28-0DF1-49BA-ABA5-525705CB2FB2}"
EndProject
Global
	GlobalSection(SolutionConfigurationPlatforms) = preSolution
		Debug|Any CPU = Debug|Any CPU
		Release|Any CPU = Release|Any CPU
	EndGlobalSection
	GlobalSection(ProjectConfigurationPlatforms) = postSolution
		{97930D7C-8452-4327-8B2A-4911B9E113E0}.Debug|Any CPU.ActiveCfg = Debug|Any CPU
		{97930D7C-8452-4327-8B2A-4911B9E113E0}.Debug|Any CPU.Build.0 = Debug|Any CPU
		{97930D7C-8452-4327-8B2A-4911B9E113E0}.Release|Any CPU.ActiveCfg = Release|Any CPU
		{97930D7C-8452-4327-8B2A-4911B9E113E0}.Release|Any CPU.Build.0 = Release|Any CPU
		{5A624A26-A71F-42B5-A390-56923D3CECC2}.Debug|Any CPU.ActiveCfg = Debug|Any CPU
		{5A624A26-A71F-42B5-A390-56923D3CECC2}.Debug|Any CPU.Build.0 = Debug|Any CPU
		{5A624A26-A71F-42B5-A390-56923D3CECC2}.Release|Any CPU.ActiveCfg = Release|Any CPU
		{5A624A26-A71F-42B5-A390-56923D3CECC2}.Release|Any CPU.Build.0 = Release|Any CPU
	EndGlobalSection
	GlobalSection(SolutionProperties) = preSolution
		HideSolutionNode = FALSE
	EndGlobalSection
	GlobalSection(NestedProjects) = preSolution
		{97930D7C-8452-4327-8B2A-4911B9E113E0} = {DFF20C5F-484B-4889-82A4-0243F96612ED}
		{5A624A26-A71F-42B5-A390-56923D3CECC2} = {BB047C28-0DF1-49BA-ABA5-525705CB2FB2}
	EndGlobalSection
	GlobalSection(ExtensibilityGlobals) = postSolution
		SolutionGuid = {6B2EE6DA-B3D4-4E42-9BDF-DDB601B7BADD}
	EndGlobalSection
EndGlobal
